
Microsoft Visual Studio Solution File, Format Version 12.00
# Visual Studio 15
Project("{FAE04EC0-301F-11D3-BF4B-00C04F79EFBC}") = "Assembly-CSharp", "Assembly-CSharp.csproj", "{A5FA345B-3E10-F638-9483-FD3966914725}"
EndProject
Project("{FAE04EC0-301F-11D3-BF4B-00C04F79EFBC}") = "Assembly-CSharp-firstpass", "Assembly-CSharp-firstpass.csproj", "{470E989E-C7D4-8A69-8E0F-52F281DA8C74}"
EndProject
Project("{FAE04EC0-301F-11D3-BF4B-00C04F79EFBC}") = "Assembly-CSharp-Editor-firstpass", "Assembly-CSharp-Editor-firstpass.csproj", "{A3A8924B-6D98-6435-06A9-56833904E266}"
EndProject
Project("{FAE04EC0-301F-11D3-BF4B-00C04F79EFBC}") = "Assembly-CSharp-Editor", "Assembly-CSharp-Editor.csproj", "{C8916D84-6C14-AA19-707B-5571949F298D}"
EndProject
Global
	GlobalSection(SolutionConfigurationPlatforms) = preSolution
		Debug|Any CPU = Debug|Any CPU
		Release|Any CPU = Release|Any CPU
	EndGlobalSection
	GlobalSection(ProjectConfigurationPlatforms) = postSolution
		{A5FA345B-3E10-F638-9483-FD3966914725}.Debug|Any CPU.ActiveCfg = Debug|Any CPU
		{A5FA345B-3E10-F638-9483-FD3966914725}.Debug|Any CPU.Build.0 = Debug|Any CPU
		{A5FA345B-3E10-F638-9483-FD3966914725}.Release|Any CPU.ActiveCfg = Release|Any CPU
		{A5FA345B-3E10-F638-9483-FD3966914725}.Release|Any CPU.Build.0 = Release|Any CPU
		{470E989E-C7D4-8A69-8E0F-52F281DA8C74}.Debug|Any CPU.ActiveCfg = Debug|Any CPU
		{470E989E-C7D4-8A69-8E0F-52F281DA8C74}.Debug|Any CPU.Build.0 = Debug|Any CPU
		{470E989E-C7D4-8A69-8E0F-52F281DA8C74}.Release|Any CPU.ActiveCfg = Release|Any CPU
		{470E989E-C7D4-8A69-8E0F-52F281DA8C74}.Release|Any CPU.Build.0 = Release|Any CPU
		{A3A8924B-6D98-6435-06A9-56833904E266}.Debug|Any CPU.ActiveCfg = Debug|Any CPU
		{A3A8924B-6D98-6435-06A9-56833904E266}.Debug|Any CPU.Build.0 = Debug|Any CPU
		{A3A8924B-6D98-6435-06A9-56833904E266}.Release|Any CPU.ActiveCfg = Release|Any CPU
		{A3A8924B-6D98-6435-06A9-56833904E266}.Release|Any CPU.Build.0 = Release|Any CPU
		{C8916D84-6C14-AA19-707B-5571949F298D}.Debug|Any CPU.ActiveCfg = Debug|Any CPU
		{C8916D84-6C14-AA19-707B-5571949F298D}.Debug|Any CPU.Build.0 = Debug|Any CPU
		{C8916D84-6C14-AA19-707B-5571949F298D}.Release|Any CPU.ActiveCfg = Release|Any CPU
		{C8916D84-6C14-AA19-707B-5571949F298D}.Release|Any CPU.Build.0 = Release|Any CPU
	EndGlobalSection
	GlobalSection(SolutionProperties) = preSolution
		HideSolutionNode = FALSE
	EndGlobalSection
EndGlobal
